
Microsoft Visual Studio Solution File, Format Version 12.00
# Visual Studio Version 17
VisualStudioVersion = 17.14.36414.22 d17.14
MinimumVisualStudioVersion = 10.0.40219.1
Project("{FAE04EC0-301F-11D3-BF4B-00C04F79EFBC}") = "TicTacToeGrid", "TicTacToeGrid.csproj", "{EAA8155E-E513-46C1-8CD3-8A1063DB8BAF}"
EndProject
Global
	GlobalSection(SolutionConfigurationPlatforms) = preSolution
		Debug|Any CPU = Debug|Any CPU
		Release|Any CPU = Release|Any CPU
	EndGlobalSection
	GlobalSection(ProjectConfigurationPlatforms) = postSolution
		{EAA8155E-E513-46C1-8CD3-8A1063DB8BAF}.Debug|Any CPU.ActiveCfg = Debug|Any CPU
		{EAA8155E-E513-46C1-8CD3-8A1063DB8BAF}.Debug|Any CPU.Build.0 = Debug|Any CPU
		{EAA8155E-E513-46C1-8CD3-8A1063DB8BAF}.Release|Any CPU.ActiveCfg = Release|Any CPU
		{EAA8155E-E513-46C1-8CD3-8A1063DB8BAF}.Release|Any CPU.Build.0 = Release|Any CPU
	EndGlobalSection
	GlobalSection(SolutionProperties) = preSolution
		HideSolutionNode = FALSE
	EndGlobalSection
	GlobalSection(ExtensibilityGlobals) = postSolution
		SolutionGuid = {82C2CE3B-00F5-457E-8644-41AF6B3362F3}
	EndGlobalSection
EndGlobal
